<?xml version="1.0" encoding="utf-8"?>
<Project ToolsVersion="4.0" xmlns="http://schemas.microsoft.com/developer/msbuild/2003">
  <ItemGroup>
    <Filter Include="Header Files">
      <UniqueIdentifier>{93995380-89BD-4b04-88EB-625FBE52EBFB}</UniqueIdentifier>
      <Extensions>h;hh;hpp;hxx;hm;inl;inc;ipp;xsd</Extensions>
    </Filter>
    <Filter Include="Resource Files">
      <UniqueIdentifier>{67DA6AB6-F800-4c08-8B7A-83BB121AAD01}</UniqueIdentifier>
      <Extensions>rc;ico;cur;bmp;dlg;rc2;rct;bin;rgs;gif;jpg;jpeg;jpe;resx;tiff;tif;png;wav;mfcribbon-ms</Extensions>
    </Filter>
    <Filter Include="Source Files">
      <UniqueIdentifier>{a60d950a-966f-471f-bd7d-a90a3d8db46a}</UniqueIdentifier>
    </Filter>
  </ItemGroup>
  <ItemGroup>
    <ClInclude Include="Header files\Application.h">
      <Filter>Header Files</Filter>
    </ClInclude>
    <ClInclude Include="Header files\Globals.h">
      <Filter>Header Files</Filter>
    </ClInclude>
    <ClInclude Include="Header files\MemLeaks.h">
      <Filter>Header Files</Filter>
    </ClInclude>
    <ClInclude Include="Header files\Module.h">
      <Filter>Header Files</Filter>
    </ClInclude>
    <ClInclude Include="Header files\ModuleInput.h">
      <Filter>Header Files</Filter>
    </ClInclude>
    <ClInclude Include="Header files\ModuleRenderer.h">
      <Filter>Header Files</Filter>
    </ClInclude>
    <ClInclude Include="Header files\ModuleTextures.h">
      <Filter>Header Files</Filter>
    </ClInclude>
    <ClInclude Include="Header files\ModuleWindow.h">
      <Filter>Header Files</Filter>
    </ClInclude>
  </ItemGroup>
  <ItemGroup>
    <ClCompile Include="Code files\Application.cpp">
      <Filter>Source Files</Filter>
    </ClCompile>
    <ClCompile Include="Code files\Main.cpp">
      <Filter>Source Files</Filter>
    </ClCompile>
    <ClCompile Include="Code files\ModuleInput.cpp">
      <Filter>Source Files</Filter>
    </ClCompile>
    <ClCompile Include="Code files\ModuleRenderer.cpp">
      <Filter>Source Files</Filter>
    </ClCompile>
    <ClCompile Include="Code files\ModuleTextures.cpp">
      <Filter>Source Files</Filter>
    </ClCompile>
    <ClCompile Include="Code files\ModuleWindow.cpp">
      <Filter>Source Files</Filter>
    </ClCompile>
  </ItemGroup>
</Project>